{
  "version": 4,
  "terraform_version": "1.4.5",
  "serial": 22,
  "lineage": "cdd281f6-ba31-40a6-a2e5-ea861b07edd5",
  "outputs": {
    "service_url": {
      "value": "https://simple-inventory-u2zv3iaboa-uc.a.run.app",
      "type": "string"
    },
    "superuser_password": {
      "value": "rexANMyoVL3EaoeY3HUKms7NkLeDcSRh",
      "type": "string",
      "sensitive": true
    }
  },
  "resources": [
    {
      "mode": "data",
      "type": "google_iam_policy",
      "name": "noauth",
      "provider": "provider[\"registry.terraform.io/hashicorp/google\"]",
      "instances": [
        {
          "schema_version": 0,
          "attributes": {
            "audit_config": null,
            "binding": [
              {
                "condition": [],
                "members": [
                  "allUsers"
                ],
                "role": "roles/run.invoker"
              }
            ],
            "id": "3450855414",
            "policy_data": "{\"bindings\":[{\"members\":[\"allUsers\"],\"role\":\"roles/run.invoker\"}]}"
          },
          "sensitive_attributes": []
        }
      ]
    },
    {
      "mode": "data",
      "type": "google_project",
      "name": "project",
      "provider": "provider[\"registry.terraform.io/hashicorp/google\"]",
      "instances": [
        {
          "schema_version": 0,
          "attributes": {
            "auto_create_network": null,
            "billing_account": "01FA98-69706B-F130E1",
            "folder_id": null,
            "id": "projects/simple-inventory-cloud",
            "labels": {},
            "name": "simple-inventory-cloud",
            "number": "284395076286",
            "org_id": null,
            "project_id": "simple-inventory-cloud",
            "skip_delete": null
          },
          "sensitive_attributes": []
        }
      ]
    },
    {
      "mode": "managed",
      "type": "google_cloud_run_service",
      "name": "service",
      "provider": "provider[\"registry.terraform.io/hashicorp/google\"]",
      "instances": [
        {
          "schema_version": 1,
          "attributes": {
            "autogenerate_revision_name": true,
            "id": "locations/us-central1/namespaces/simple-inventory-cloud/services/simple-inventory",
            "location": "us-central1",
            "metadata": [
              {
                "annotations": {
                  "run.googleapis.com/ingress": "all",
                  "run.googleapis.com/ingress-status": "all",
                  "run.googleapis.com/operation-id": "78a55489-fbe2-4986-8afd-4d2c26ef1381",
                  "serving.knative.dev/creator": "eduardo.laruta@gmail.com",
                  "serving.knative.dev/lastModifier": "eduardo.laruta@gmail.com"
                },
                "generation": 1,
                "labels": {
                  "cloud.googleapis.com/location": "us-central1"
                },
                "namespace": "simple-inventory-cloud",
                "resource_version": "AAX5ag0mtSg",
                "self_link": "/apis/serving.knative.dev/v1/namespaces/284395076286/services/simple-inventory",
                "uid": "7fb7f31b-806b-45f9-8580-f428f4955932"
              }
            ],
            "name": "simple-inventory",
            "project": "simple-inventory-cloud",
            "status": [
              {
                "conditions": [
                  {
                    "message": "",
                    "reason": "",
                    "status": "True",
                    "type": "Ready"
                  },
                  {
                    "message": "",
                    "reason": "",
                    "status": "True",
                    "type": "ConfigurationsReady"
                  },
                  {
                    "message": "",
                    "reason": "",
                    "status": "True",
                    "type": "RoutesReady"
                  }
                ],
                "latest_created_revision_name": "simple-inventory-00001-lhq",
                "latest_ready_revision_name": "simple-inventory-00001-lhq",
                "observed_generation": 1,
                "url": "https://simple-inventory-u2zv3iaboa-uc.a.run.app"
              }
            ],
            "template": [
              {
                "metadata": [
                  {
                    "annotations": {
                      "autoscaling.knative.dev/maxScale": "1"
                    },
                    "generation": 0,
                    "labels": null,
                    "name": "",
                    "namespace": "",
                    "resource_version": "",
                    "self_link": "",
                    "uid": ""
                  }
                ],
                "spec": [
                  {
                    "container_concurrency": 80,
                    "containers": [
                      {
                        "args": null,
                        "command": null,
                        "env": [],
                        "env_from": [],
                        "image": "gcr.io/simple-inventory-cloud/simple-inventory",
                        "ports": [
                          {
                            "container_port": 8080,
                            "name": "http1",
                            "protocol": ""
                          }
                        ],
                        "resources": [
                          {
                            "limits": {
                              "cpu": "1000m",
                              "memory": "512Mi"
                            },
                            "requests": {}
                          }
                        ],
                        "working_dir": ""
                      }
                    ],
                    "service_account_name": "django@simple-inventory-cloud.iam.gserviceaccount.com",
                    "serving_state": "",
                    "timeout_seconds": 300
                  }
                ]
              }
            ],
            "timeouts": null,
            "traffic": [
              {
                "latest_revision": true,
                "percent": 100,
                "revision_name": ""
              }
            ]
          },
          "sensitive_attributes": [],
          "private": "eyJlMmJmYjczMC1lY2FhLTExZTYtOGY4OC0zNDM2M2JjN2M0YzAiOnsiY3JlYXRlIjozNjAwMDAwMDAwMDAsImRlbGV0ZSI6MjQwMDAwMDAwMDAwLCJ1cGRhdGUiOjkwMDAwMDAwMDAwMH0sInNjaGVtYV92ZXJzaW9uIjoiMSJ9",
          "dependencies": [
            "google_service_account.django"
          ]
        }
      ]
    },
    {
      "mode": "managed",
      "type": "google_cloud_run_service_iam_policy",
      "name": "noauth",
      "provider": "provider[\"registry.terraform.io/hashicorp/google\"]",
      "instances": [
        {
          "schema_version": 0,
          "attributes": {
            "etag": "BwX5ag1XfZc=",
            "id": "v1/projects/simple-inventory-cloud/locations/us-central1/services/simple-inventory",
            "location": "us-central1",
            "policy_data": "{\"bindings\":[{\"members\":[\"allUsers\"],\"role\":\"roles/run.invoker\"}]}",
            "project": "simple-inventory-cloud",
            "service": "v1/projects/simple-inventory-cloud/locations/us-central1/services/simple-inventory"
          },
          "sensitive_attributes": [],
          "private": "bnVsbA==",
          "dependencies": [
            "data.google_iam_policy.noauth",
            "google_cloud_run_service.service",
            "google_service_account.django"
          ]
        }
      ]
    },
    {
      "mode": "managed",
      "type": "google_project_service",
      "name": "cloudbuild",
      "provider": "provider[\"registry.terraform.io/hashicorp/google\"]",
      "instances": [
        {
          "schema_version": 0,
          "attributes": {
            "disable_dependent_services": null,
            "disable_on_destroy": false,
            "id": "simple-inventory-cloud/cloudbuild.googleapis.com",
            "project": "simple-inventory-cloud",
            "service": "cloudbuild.googleapis.com",
            "timeouts": null
          },
          "sensitive_attributes": [],
          "private": "eyJlMmJmYjczMC1lY2FhLTExZTYtOGY4OC0zNDM2M2JjN2M0YzAiOnsiY3JlYXRlIjoxMjAwMDAwMDAwMDAwLCJkZWxldGUiOjEyMDAwMDAwMDAwMDAsInJlYWQiOjYwMDAwMDAwMDAwMCwidXBkYXRlIjoxMjAwMDAwMDAwMDAwfX0="
        }
      ]
    },
    {
      "mode": "managed",
      "type": "google_project_service",
      "name": "compute",
      "provider": "provider[\"registry.terraform.io/hashicorp/google\"]",
      "instances": [
        {
          "schema_version": 0,
          "attributes": {
            "disable_dependent_services": null,
            "disable_on_destroy": false,
            "id": "simple-inventory-cloud/compute.googleapis.com",
            "project": "simple-inventory-cloud",
            "service": "compute.googleapis.com",
            "timeouts": null
          },
          "sensitive_attributes": [],
          "private": "eyJlMmJmYjczMC1lY2FhLTExZTYtOGY4OC0zNDM2M2JjN2M0YzAiOnsiY3JlYXRlIjoxMjAwMDAwMDAwMDAwLCJkZWxldGUiOjEyMDAwMDAwMDAwMDAsInJlYWQiOjYwMDAwMDAwMDAwMCwidXBkYXRlIjoxMjAwMDAwMDAwMDAwfX0="
        }
      ]
    },
    {
      "mode": "managed",
      "type": "google_project_service",
      "name": "run",
      "provider": "provider[\"registry.terraform.io/hashicorp/google\"]",
      "instances": [
        {
          "schema_version": 0,
          "attributes": {
            "disable_dependent_services": null,
            "disable_on_destroy": false,
            "id": "simple-inventory-cloud/run.googleapis.com",
            "project": "simple-inventory-cloud",
            "service": "run.googleapis.com",
            "timeouts": null
          },
          "sensitive_attributes": [],
          "private": "eyJlMmJmYjczMC1lY2FhLTExZTYtOGY4OC0zNDM2M2JjN2M0YzAiOnsiY3JlYXRlIjoxMjAwMDAwMDAwMDAwLCJkZWxldGUiOjEyMDAwMDAwMDAwMDAsInJlYWQiOjYwMDAwMDAwMDAwMCwidXBkYXRlIjoxMjAwMDAwMDAwMDAwfX0="
        }
      ]
    },
    {
      "mode": "managed",
      "type": "google_project_service",
      "name": "secretmanager",
      "provider": "provider[\"registry.terraform.io/hashicorp/google\"]",
      "instances": [
        {
          "schema_version": 0,
          "attributes": {
            "disable_dependent_services": null,
            "disable_on_destroy": false,
            "id": "simple-inventory-cloud/secretmanager.googleapis.com",
            "project": "simple-inventory-cloud",
            "service": "secretmanager.googleapis.com",
            "timeouts": null
          },
          "sensitive_attributes": [],
          "private": "eyJlMmJmYjczMC1lY2FhLTExZTYtOGY4OC0zNDM2M2JjN2M0YzAiOnsiY3JlYXRlIjoxMjAwMDAwMDAwMDAwLCJkZWxldGUiOjEyMDAwMDAwMDAwMDAsInJlYWQiOjYwMDAwMDAwMDAwMCwidXBkYXRlIjoxMjAwMDAwMDAwMDAwfX0="
        }
      ]
    },
    {
      "mode": "managed",
      "type": "google_secret_manager_secret",
      "name": "django_settings",
      "provider": "provider[\"registry.terraform.io/hashicorp/google\"]",
      "instances": [
        {
          "schema_version": 0,
          "attributes": {
            "create_time": "2023-04-16T01:24:37.387182Z",
            "expire_time": "",
            "id": "projects/simple-inventory-cloud/secrets/django_settings",
            "labels": {},
            "name": "projects/284395076286/secrets/django_settings",
            "project": "simple-inventory-cloud",
            "replication": [
              {
                "automatic": true,
                "user_managed": []
              }
            ],
            "rotation": [],
            "secret_id": "django_settings",
            "timeouts": null,
            "topics": [],
            "ttl": null
          },
          "sensitive_attributes": [],
          "private": "eyJlMmJmYjczMC1lY2FhLTExZTYtOGY4OC0zNDM2M2JjN2M0YzAiOnsiY3JlYXRlIjoyNDAwMDAwMDAwMDAsImRlbGV0ZSI6MjQwMDAwMDAwMDAwLCJ1cGRhdGUiOjI0MDAwMDAwMDAwMH19",
          "dependencies": [
            "google_project_service.secretmanager"
          ]
        }
      ]
    },
    {
      "mode": "managed",
      "type": "google_secret_manager_secret",
      "name": "superuser_password",
      "provider": "provider[\"registry.terraform.io/hashicorp/google\"]",
      "instances": [
        {
          "schema_version": 0,
          "attributes": {
            "create_time": "2023-04-16T01:24:36.214324Z",
            "expire_time": "",
            "id": "projects/simple-inventory-cloud/secrets/superuser_password",
            "labels": {},
            "name": "projects/284395076286/secrets/superuser_password",
            "project": "simple-inventory-cloud",
            "replication": [
              {
                "automatic": true,
                "user_managed": []
              }
            ],
            "rotation": [],
            "secret_id": "superuser_password",
            "timeouts": null,
            "topics": [],
            "ttl": null
          },
          "sensitive_attributes": [],
          "private": "eyJlMmJmYjczMC1lY2FhLTExZTYtOGY4OC0zNDM2M2JjN2M0YzAiOnsiY3JlYXRlIjoyNDAwMDAwMDAwMDAsImRlbGV0ZSI6MjQwMDAwMDAwMDAwLCJ1cGRhdGUiOjI0MDAwMDAwMDAwMH19",
          "dependencies": [
            "google_project_service.secretmanager"
          ]
        }
      ]
    },
    {
      "mode": "managed",
      "type": "google_secret_manager_secret_iam_binding",
      "name": "django_settings",
      "provider": "provider[\"registry.terraform.io/hashicorp/google\"]",
      "instances": [
        {
          "schema_version": 0,
          "attributes": {
            "condition": [],
            "etag": "BwX5afAbaTk=",
            "id": "projects/simple-inventory-cloud/secrets/django_settings/roles/secretmanager.secretAccessor",
            "members": [
              "serviceAccount:284395076286@cloudbuild.gserviceaccount.com",
              "serviceAccount:django@simple-inventory-cloud.iam.gserviceaccount.com"
            ],
            "project": "simple-inventory-cloud",
            "role": "roles/secretmanager.secretAccessor",
            "secret_id": "projects/simple-inventory-cloud/secrets/django_settings"
          },
          "sensitive_attributes": [],
          "private": "bnVsbA==",
          "dependencies": [
            "data.google_project.project",
            "google_project_service.secretmanager",
            "google_secret_manager_secret.django_settings",
            "google_service_account.django"
          ]
        }
      ]
    },
    {
      "mode": "managed",
      "type": "google_secret_manager_secret_iam_binding",
      "name": "superuser_password",
      "provider": "provider[\"registry.terraform.io/hashicorp/google\"]",
      "instances": [
        {
          "schema_version": 0,
          "attributes": {
            "condition": [],
            "etag": "BwX5afAHaDE=",
            "id": "projects/simple-inventory-cloud/secrets/superuser_password/roles/secretmanager.secretAccessor",
            "members": [
              "serviceAccount:284395076286@cloudbuild.gserviceaccount.com"
            ],
            "project": "simple-inventory-cloud",
            "role": "roles/secretmanager.secretAccessor",
            "secret_id": "projects/simple-inventory-cloud/secrets/superuser_password"
          },
          "sensitive_attributes": [],
          "private": "bnVsbA==",
          "dependencies": [
            "data.google_project.project",
            "google_project_service.secretmanager",
            "google_secret_manager_secret.superuser_password"
          ]
        }
      ]
    },
    {
      "mode": "managed",
      "type": "google_secret_manager_secret_version",
      "name": "django_settings",
      "provider": "provider[\"registry.terraform.io/hashicorp/google\"]",
      "instances": [
        {
          "schema_version": 0,
          "attributes": {
            "create_time": "2023-04-16T01:24:40.420456Z",
            "destroy_time": "",
            "enabled": true,
            "id": "projects/284395076286/secrets/django_settings/versions/1",
            "name": "projects/284395076286/secrets/django_settings/versions/1",
            "secret": "projects/simple-inventory-cloud/secrets/django_settings",
            "secret_data": "# Django Settings\nGS_BUCKET_NAME=\"simple-inventory-cloud-images\"\nSECRET_KEY=\"AMYU1ZvgxKH2BT6nEQXImdUlb4CwfDI4u6vsuJnpGGIfJFVMuM\"",
            "timeouts": null
          },
          "sensitive_attributes": [
            [
              {
                "type": "get_attr",
                "value": "secret_data"
              }
            ]
          ],
          "private": "eyJlMmJmYjczMC1lY2FhLTExZTYtOGY4OC0zNDM2M2JjN2M0YzAiOnsiY3JlYXRlIjoyNDAwMDAwMDAwMDAsImRlbGV0ZSI6MjQwMDAwMDAwMDAwfX0=",
          "dependencies": [
            "google_project_service.secretmanager",
            "google_secret_manager_secret.django_settings",
            "google_storage_bucket.media",
            "random_password.django_secret_key"
          ]
        }
      ]
    },
    {
      "mode": "managed",
      "type": "google_secret_manager_secret_version",
      "name": "superuser_password",
      "provider": "provider[\"registry.terraform.io/hashicorp/google\"]",
      "instances": [
        {
          "schema_version": 0,
          "attributes": {
            "create_time": "2023-04-16T01:24:39.308369Z",
            "destroy_time": "",
            "enabled": true,
            "id": "projects/284395076286/secrets/superuser_password/versions/1",
            "name": "projects/284395076286/secrets/superuser_password/versions/1",
            "secret": "projects/simple-inventory-cloud/secrets/superuser_password",
            "secret_data": "rexANMyoVL3EaoeY3HUKms7NkLeDcSRh",
            "timeouts": null
          },
          "sensitive_attributes": [
            [
              {
                "type": "get_attr",
                "value": "secret_data"
              }
            ]
          ],
          "private": "eyJlMmJmYjczMC1lY2FhLTExZTYtOGY4OC0zNDM2M2JjN2M0YzAiOnsiY3JlYXRlIjoyNDAwMDAwMDAwMDAsImRlbGV0ZSI6MjQwMDAwMDAwMDAwfX0=",
          "dependencies": [
            "google_project_service.secretmanager",
            "google_secret_manager_secret.superuser_password",
            "random_password.superuser_password"
          ]
        }
      ]
    },
    {
      "mode": "managed",
      "type": "google_service_account",
      "name": "django",
      "provider": "provider[\"registry.terraform.io/hashicorp/google\"]",
      "instances": [
        {
          "schema_version": 0,
          "attributes": {
            "account_id": "django",
            "description": "",
            "disabled": false,
            "display_name": "",
            "email": "django@simple-inventory-cloud.iam.gserviceaccount.com",
            "id": "projects/simple-inventory-cloud/serviceAccounts/django@simple-inventory-cloud.iam.gserviceaccount.com",
            "name": "projects/simple-inventory-cloud/serviceAccounts/django@simple-inventory-cloud.iam.gserviceaccount.com",
            "project": "simple-inventory-cloud",
            "timeouts": null,
            "unique_id": "109751340037193736738"
          },
          "sensitive_attributes": [],
          "private": "eyJlMmJmYjczMC1lY2FhLTExZTYtOGY4OC0zNDM2M2JjN2M0YzAiOnsiY3JlYXRlIjozMDAwMDAwMDAwMDB9fQ=="
        }
      ]
    },
    {
      "mode": "managed",
      "type": "google_storage_bucket",
      "name": "media",
      "provider": "provider[\"registry.terraform.io/hashicorp/google\"]",
      "instances": [
        {
          "schema_version": 0,
          "attributes": {
            "bucket_policy_only": false,
            "cors": [],
            "default_event_based_hold": false,
            "encryption": [],
            "force_destroy": false,
            "id": "simple-inventory-cloud-images",
            "labels": {},
            "lifecycle_rule": [],
            "location": "US",
            "logging": [],
            "name": "simple-inventory-cloud-images",
            "project": "simple-inventory-cloud",
            "requester_pays": false,
            "retention_policy": [],
            "self_link": "https://www.googleapis.com/storage/v1/b/simple-inventory-cloud-images",
            "storage_class": "STANDARD",
            "uniform_bucket_level_access": false,
            "url": "gs://simple-inventory-cloud-images",
            "versioning": [],
            "website": []
          },
          "sensitive_attributes": [],
          "private": "bnVsbA=="
        }
      ]
    },
    {
      "mode": "managed",
      "type": "random_password",
      "name": "django_secret_key",
      "provider": "provider[\"registry.terraform.io/hashicorp/random\"]",
      "instances": [
        {
          "schema_version": 3,
          "attributes": {
            "bcrypt_hash": "$2a$10$wNjlqH4VNx8BnipdRYjtn.Wq8Zh6vIh7Zdn.BiESkPAW3quwR7tzW",
            "id": "none",
            "keepers": null,
            "length": 50,
            "lower": true,
            "min_lower": 0,
            "min_numeric": 0,
            "min_special": 0,
            "min_upper": 0,
            "number": true,
            "numeric": true,
            "override_special": null,
            "result": "AMYU1ZvgxKH2BT6nEQXImdUlb4CwfDI4u6vsuJnpGGIfJFVMuM",
            "special": false,
            "upper": true
          },
          "sensitive_attributes": []
        }
      ]
    },
    {
      "mode": "managed",
      "type": "random_password",
      "name": "superuser_password",
      "provider": "provider[\"registry.terraform.io/hashicorp/random\"]",
      "instances": [
        {
          "schema_version": 3,
          "attributes": {
            "bcrypt_hash": "$2a$10$UNXJmyCXth7IZ8xBDbFx2e.78UlRE2wgPbCORuY7210Xyb/11i9va",
            "id": "none",
            "keepers": null,
            "length": 32,
            "lower": true,
            "min_lower": 0,
            "min_numeric": 0,
            "min_special": 0,
            "min_upper": 0,
            "number": true,
            "numeric": true,
            "override_special": null,
            "result": "rexANMyoVL3EaoeY3HUKms7NkLeDcSRh",
            "special": false,
            "upper": true
          },
          "sensitive_attributes": []
        }
      ]
    }
  ],
  "check_results": null
}
